
Microsoft Visual Studio Solution File, Format Version 12.00
# Visual Studio Version 16
VisualStudioVersion = 16.0.30204.135
MinimumVisualStudioVersion = 10.0.40219.1
Project("{FAE04EC0-301F-11D3-BF4B-00C04F79EFBC}") = "Login", "Login\Login.csproj", "{EA7A5ED6-4A59-47D2-8860-E8403B53EE42}"
EndProject
Project("{FAE04EC0-301F-11D3-BF4B-00C04F79EFBC}") = "IndentityVarification", "IndentityVarification\IndentityVarification.csproj", "{D91DABE8-B96E-4570-99C9-F8B16C97E060}"
EndProject
Global
	GlobalSection(SolutionConfigurationPlatforms) = preSolution
		Debug|Any CPU = Debug|Any CPU
		Release|Any CPU = Release|Any CPU
	EndGlobalSection
	GlobalSection(ProjectConfigurationPlatforms) = postSolution
		{EA7A5ED6-4A59-47D2-8860-E8403B53EE42}.Debug|Any CPU.ActiveCfg = Debug|Any CPU
		{EA7A5ED6-4A59-47D2-8860-E8403B53EE42}.Debug|Any CPU.Build.0 = Debug|Any CPU
		{EA7A5ED6-4A59-47D2-8860-E8403B53EE42}.Release|Any CPU.ActiveCfg = Release|Any CPU
		{EA7A5ED6-4A59-47D2-8860-E8403B53EE42}.Release|Any CPU.Build.0 = Release|Any CPU
		{D91DABE8-B96E-4570-99C9-F8B16C97E060}.Debug|Any CPU.ActiveCfg = Debug|Any CPU
		{D91DABE8-B96E-4570-99C9-F8B16C97E060}.Debug|Any CPU.Build.0 = Debug|Any CPU
		{D91DABE8-B96E-4570-99C9-F8B16C97E060}.Release|Any CPU.ActiveCfg = Release|Any CPU
		{D91DABE8-B96E-4570-99C9-F8B16C97E060}.Release|Any CPU.Build.0 = Release|Any CPU
	EndGlobalSection
	GlobalSection(SolutionProperties) = preSolution
		HideSolutionNode = FALSE
	EndGlobalSection
	GlobalSection(ExtensibilityGlobals) = postSolution
		SolutionGuid = {AD18D9C6-4030-4EF3-B08E-A6F874E0376B}
	EndGlobalSection
EndGlobal
